
Microsoft Visual Studio Solution File, Format Version 12.00
# Visual Studio Version 17
VisualStudioVersion = 17.0.32112.339
MinimumVisualStudioVersion = 10.0.40219.1
Project("{9A19103F-16F7-4668-BE54-9A1E7A4F7556}") = "DemoCoreAppWithDocker", "DemoCoreAppWithDocker\DemoCoreAppWithDocker.csproj", "{0CEF6C62-BF70-44D3-B1FD-11B7901C8D35}"
EndProject
Project("{54A90642-561A-4BB1-A94E-469ADEE60C69}") = "ReactDemoApp", "ReactDemoApp\ReactDemoApp.esproj", "{643DF8FA-8D58-4580-A147-4C6857A78C84}"
EndProject
Project("{FAE04EC0-301F-11D3-BF4B-00C04F79EFBC}") = "DemoCoreApiWithDocker", "DemoCoreApiWithDocker\DemoCoreApiWithDocker.csproj", "{785DAA07-8E56-4C44-A8FE-3C7E79E0FA07}"
EndProject
Global
	GlobalSection(SolutionConfigurationPlatforms) = preSolution
		Debug|Any CPU = Debug|Any CPU
		Release|Any CPU = Release|Any CPU
	EndGlobalSection
	GlobalSection(ProjectConfigurationPlatforms) = postSolution
		{0CEF6C62-BF70-44D3-B1FD-11B7901C8D35}.Debug|Any CPU.ActiveCfg = Debug|Any CPU
		{0CEF6C62-BF70-44D3-B1FD-11B7901C8D35}.Debug|Any CPU.Build.0 = Debug|Any CPU
		{0CEF6C62-BF70-44D3-B1FD-11B7901C8D35}.Release|Any CPU.ActiveCfg = Release|Any CPU
		{0CEF6C62-BF70-44D3-B1FD-11B7901C8D35}.Release|Any CPU.Build.0 = Release|Any CPU
		{643DF8FA-8D58-4580-A147-4C6857A78C84}.Debug|Any CPU.ActiveCfg = Debug|Any CPU
		{643DF8FA-8D58-4580-A147-4C6857A78C84}.Debug|Any CPU.Build.0 = Debug|Any CPU
		{643DF8FA-8D58-4580-A147-4C6857A78C84}.Debug|Any CPU.Deploy.0 = Debug|Any CPU
		{643DF8FA-8D58-4580-A147-4C6857A78C84}.Release|Any CPU.ActiveCfg = Release|Any CPU
		{643DF8FA-8D58-4580-A147-4C6857A78C84}.Release|Any CPU.Build.0 = Release|Any CPU
		{643DF8FA-8D58-4580-A147-4C6857A78C84}.Release|Any CPU.Deploy.0 = Release|Any CPU
		{785DAA07-8E56-4C44-A8FE-3C7E79E0FA07}.Debug|Any CPU.ActiveCfg = Debug|Any CPU
		{785DAA07-8E56-4C44-A8FE-3C7E79E0FA07}.Debug|Any CPU.Build.0 = Debug|Any CPU
		{785DAA07-8E56-4C44-A8FE-3C7E79E0FA07}.Release|Any CPU.ActiveCfg = Release|Any CPU
		{785DAA07-8E56-4C44-A8FE-3C7E79E0FA07}.Release|Any CPU.Build.0 = Release|Any CPU
	EndGlobalSection
	GlobalSection(SolutionProperties) = preSolution
		HideSolutionNode = FALSE
	EndGlobalSection
	GlobalSection(ExtensibilityGlobals) = postSolution
		SolutionGuid = {844020D6-7A0B-4006-825F-8FF0112529EC}
	EndGlobalSection
EndGlobal
